
Microsoft Visual Studio Solution File, Format Version 12.00
# Visual Studio Version 17
VisualStudioVersion = 17.14.36616.10
MinimumVisualStudioVersion = 10.0.40219.1
Project("{8BC9CEB8-8B4A-11D0-8D11-00A0C91BC942}") = "W1_Ex1", "THEORY\W1_Ex1\W1_Ex1.vcxproj", "{BAA3DCCB-4BDC-41FC-91D5-564B1B4DF950}"
EndProject
Project("{2150E333-8FDC-42A3-9474-1A3956D46DE8}") = "Solution Items", "Solution Items", "{8EC462FD-D22E-90A8-E5CE-7E832BA40C5D}"
EndProject
Project("{2150E333-8FDC-42A3-9474-1A3956D46DE8}") = "THEORY", "THEORY", "{BC01A820-DF25-4260-83A3-B70C5BF56FE6}"
EndProject
Project("{2150E333-8FDC-42A3-9474-1A3956D46DE8}") = "LAB", "LAB", "{02EA681E-C7D8-13C7-8484-4AC65E1B71E8}"
EndProject
Project("{8BC9CEB8-8B4A-11D0-8D11-00A0C91BC942}") = "Lab1_Bai1", "LAB\Lab1_Bai1\Lab1_Bai1.vcxproj", "{ACDDFE7C-CCBD-403A-82B5-CF9F99F162AC}"
EndProject
Project("{8BC9CEB8-8B4A-11D0-8D11-00A0C91BC942}") = "Lab1_Bai2", "LAB\Lab1_Bai2\Lab1_Bai2.vcxproj", "{8DA5B3E7-5A7E-49A8-836E-6C31DE7B554E}"
EndProject
Project("{8BC9CEB8-8B4A-11D0-8D11-00A0C91BC942}") = "Lab1_Bai3", "LAB\Lab1_Bai3\Lab1_Bai3.vcxproj", "{9E969B68-BA51-4B8F-895E-921EDBC7933D}"
EndProject
Project("{8BC9CEB8-8B4A-11D0-8D11-00A0C91BC942}") = "W1_Ex5", "THEORY\W1_Ex5\W1_Ex5.vcxproj", "{54157E75-F336-4092-BF85-1A5B9C078C71}"
EndProject
Project("{8BC9CEB8-8B4A-11D0-8D11-00A0C91BC942}") = "Lab2_Bai1", "LAB\Lab2_Bai1\Lab2_Bai1.vcxproj", "{57DA5FBC-AF0C-47B0-BC70-77E8DD84EF77}"
EndProject
Project("{8BC9CEB8-8B4A-11D0-8D11-00A0C91BC942}") = "W2_myString", "THEORY\W2_myString\W2_myString.vcxproj", "{C44622E3-0D1E-48B6-94E2-0FC6148AB069}"
EndProject
Project("{8BC9CEB8-8B4A-11D0-8D11-00A0C91BC942}") = "Lab2_Bai2", "LAB\Lab2_Bai2\Lab2_Bai2.vcxproj", "{067433B0-1F57-474C-B7BB-F6FF87B7D514}"
EndProject
Project("{8BC9CEB8-8B4A-11D0-8D11-00A0C91BC942}") = "Lab3_BTVN", "LAB\Lab3_Bai1\Lab3_Bai1.vcxproj", "{29EC5266-15C2-421B-93BD-3F12614886C8}"
EndProject
Project("{8BC9CEB8-8B4A-11D0-8D11-00A0C91BC942}") = "W3_MyStringVIP", "THEORY\W3_MyStringVIP\W3_MyStringVIP.vcxproj", "{70E1D20B-1F9C-4A33-ADF4-1B3DFBC1B2EA}"
EndProject
Project("{8BC9CEB8-8B4A-11D0-8D11-00A0C91BC942}") = "Lab4_Bai1", "LAB\Lab4_Bai1\Lab4_Bai1.vcxproj", "{010E6D01-1D1F-4ADA-AB2C-32F5EEE6FE5B}"
EndProject
Project("{8BC9CEB8-8B4A-11D0-8D11-00A0C91BC942}") = "Lab4_Bai2", "LAB\Lab4_Bai2\Lab4_Bai2.vcxproj", "{495B164D-C3A1-4615-ACCB-89BD4754C5DE}"
EndProject
Project("{8BC9CEB8-8B4A-11D0-8D11-00A0C91BC942}") = "Lab5_Bai1", "LAB\Lab5_Bai1\Lab5_Bai1.vcxproj", "{38CB0ACB-430F-4963-ADA8-C226B764CE79}"
EndProject
Project("{8BC9CEB8-8B4A-11D0-8D11-00A0C91BC942}") = "Lab5_Bai2", "LAB\Lab5_Bai2\Lab5_Bai2.vcxproj", "{17670395-B7A2-465E-8BD2-3298559C5972}"
EndProject
Project("{8BC9CEB8-8B4A-11D0-8D11-00A0C91BC942}") = "Polymorphism&Inheritance", "THEORY\Polymorphism&Inheritance\Polymorphism&Inheritance.vcxproj", "{D1766591-677A-496F-8B9B-8917BE02783D}"
EndProject
Project("{2150E333-8FDC-42A3-9474-1A3956D46DE8}") = "SELF PRACTICE", "SELF PRACTICE", "{18391D3D-EB26-4011-9685-AB3685D70EBF}"
EndProject
Project("{8BC9CEB8-8B4A-11D0-8D11-00A0C91BC942}") = "Lab7_Bai1", "LAB\Lab7_Bai1\Lab7_Bai1.vcxproj", "{F3893BC6-1AF9-4780-8C12-5B8F84B773B7}"
EndProject
Project("{8BC9CEB8-8B4A-11D0-8D11-00A0C91BC942}") = "TestingFrame", "THEORY\TestingFram\TestingFram.vcxproj", "{37BBDBD2-7096-4539-966D-DB2DC4828110}"
EndProject
Project("{8BC9CEB8-8B4A-11D0-8D11-00A0C91BC942}") = "Lab7_Bai2", "LAB\Lab7_Bai2\Lab7_Bai2.vcxproj", "{EB4CAA9E-C6E3-41FF-B80D-5831CCD5301B}"
EndProject
Project("{8BC9CEB8-8B4A-11D0-8D11-00A0C91BC942}") = "Lab8_Bai1", "LAB\Lab8_Bai1\Lab8_Bai1.vcxproj", "{2829A0C9-8B58-4803-B6F7-8539476B8B24}"
EndProject
Project("{8BC9CEB8-8B4A-11D0-8D11-00A0C91BC942}") = "Lab8_Bai2", "LAB\Lab8_Bai2\Lab8_Bai2.vcxproj", "{E29C7C6D-F943-4A07-BFF4-78FC15CC9A4B}"
EndProject
Project("{8BC9CEB8-8B4A-11D0-8D11-00A0C91BC942}") = "Lab9_Bai1", "LAB\Lab9_Bai1\Lab9_Bai1.vcxproj", "{89EE0364-7F96-46CF-9B98-713A2EB5AF70}"
EndProject
Project("{8BC9CEB8-8B4A-11D0-8D11-00A0C91BC942}") = "Lab9_Bai2", "LAB\Lab9_Bai2\Lab9_Bai2.vcxproj", "{88F674FB-E619-46A5-8394-995B04AB053D}"
EndProject
Project("{8BC9CEB8-8B4A-11D0-8D11-00A0C91BC942}") = "Lab9_Bai3", "LAB\Lab9_Bai3\Lab9_Bai3.vcxproj", "{CAC0D9F7-0EA1-4089-9BBE-0860DC5A721C}"
EndProject
Global
	GlobalSection(SolutionConfigurationPlatforms) = preSolution
		Debug|x64 = Debug|x64
		Debug|x86 = Debug|x86
		Release|x64 = Release|x64
		Release|x86 = Release|x86
	EndGlobalSection
	GlobalSection(ProjectConfigurationPlatforms) = postSolution
		{BAA3DCCB-4BDC-41FC-91D5-564B1B4DF950}.Debug|x64.ActiveCfg = Debug|x64
		{BAA3DCCB-4BDC-41FC-91D5-564B1B4DF950}.Debug|x64.Build.0 = Debug|x64
		{BAA3DCCB-4BDC-41FC-91D5-564B1B4DF950}.Debug|x86.ActiveCfg = Debug|Win32
		{BAA3DCCB-4BDC-41FC-91D5-564B1B4DF950}.Debug|x86.Build.0 = Debug|Win32
		{BAA3DCCB-4BDC-41FC-91D5-564B1B4DF950}.Release|x64.ActiveCfg = Release|x64
		{BAA3DCCB-4BDC-41FC-91D5-564B1B4DF950}.Release|x64.Build.0 = Release|x64
		{BAA3DCCB-4BDC-41FC-91D5-564B1B4DF950}.Release|x86.ActiveCfg = Release|Win32
		{BAA3DCCB-4BDC-41FC-91D5-564B1B4DF950}.Release|x86.Build.0 = Release|Win32
		{ACDDFE7C-CCBD-403A-82B5-CF9F99F162AC}.Debug|x64.ActiveCfg = Debug|x64
		{ACDDFE7C-CCBD-403A-82B5-CF9F99F162AC}.Debug|x64.Build.0 = Debug|x64
		{ACDDFE7C-CCBD-403A-82B5-CF9F99F162AC}.Debug|x86.ActiveCfg = Debug|Win32
		{ACDDFE7C-CCBD-403A-82B5-CF9F99F162AC}.Debug|x86.Build.0 = Debug|Win32
		{ACDDFE7C-CCBD-403A-82B5-CF9F99F162AC}.Release|x64.ActiveCfg = Release|x64
		{ACDDFE7C-CCBD-403A-82B5-CF9F99F162AC}.Release|x64.Build.0 = Release|x64
		{ACDDFE7C-CCBD-403A-82B5-CF9F99F162AC}.Release|x86.ActiveCfg = Release|Win32
		{ACDDFE7C-CCBD-403A-82B5-CF9F99F162AC}.Release|x86.Build.0 = Release|Win32
		{8DA5B3E7-5A7E-49A8-836E-6C31DE7B554E}.Debug|x64.ActiveCfg = Debug|x64
		{8DA5B3E7-5A7E-49A8-836E-6C31DE7B554E}.Debug|x64.Build.0 = Debug|x64
		{8DA5B3E7-5A7E-49A8-836E-6C31DE7B554E}.Debug|x86.ActiveCfg = Debug|Win32
		{8DA5B3E7-5A7E-49A8-836E-6C31DE7B554E}.Debug|x86.Build.0 = Debug|Win32
		{8DA5B3E7-5A7E-49A8-836E-6C31DE7B554E}.Release|x64.ActiveCfg = Release|x64
		{8DA5B3E7-5A7E-49A8-836E-6C31DE7B554E}.Release|x64.Build.0 = Release|x64
		{8DA5B3E7-5A7E-49A8-836E-6C31DE7B554E}.Release|x86.ActiveCfg = Release|Win32
		{8DA5B3E7-5A7E-49A8-836E-6C31DE7B554E}.Release|x86.Build.0 = Release|Win32
		{9E969B68-BA51-4B8F-895E-921EDBC7933D}.Debug|x64.ActiveCfg = Debug|x64
		{9E969B68-BA51-4B8F-895E-921EDBC7933D}.Debug|x64.Build.0 = Debug|x64
		{9E969B68-BA51-4B8F-895E-921EDBC7933D}.Debug|x86.ActiveCfg = Debug|Win32
		{9E969B68-BA51-4B8F-895E-921EDBC7933D}.Debug|x86.Build.0 = Debug|Win32
		{9E969B68-BA51-4B8F-895E-921EDBC7933D}.Release|x64.ActiveCfg = Release|x64
		{9E969B68-BA51-4B8F-895E-921EDBC7933D}.Release|x64.Build.0 = Release|x64
		{9E969B68-BA51-4B8F-895E-921EDBC7933D}.Release|x86.ActiveCfg = Release|Win32
		{9E969B68-BA51-4B8F-895E-921EDBC7933D}.Release|x86.Build.0 = Release|Win32
		{54157E75-F336-4092-BF85-1A5B9C078C71}.Debug|x64.ActiveCfg = Debug|x64
		{54157E75-F336-4092-BF85-1A5B9C078C71}.Debug|x64.Build.0 = Debug|x64
		{54157E75-F336-4092-BF85-1A5B9C078C71}.Debug|x86.ActiveCfg = Debug|Win32
		{54157E75-F336-4092-BF85-1A5B9C078C71}.Debug|x86.Build.0 = Debug|Win32
		{54157E75-F336-4092-BF85-1A5B9C078C71}.Release|x64.ActiveCfg = Release|x64
		{54157E75-F336-4092-BF85-1A5B9C078C71}.Release|x64.Build.0 = Release|x64
		{54157E75-F336-4092-BF85-1A5B9C078C71}.Release|x86.ActiveCfg = Release|Win32
		{54157E75-F336-4092-BF85-1A5B9C078C71}.Release|x86.Build.0 = Release|Win32
		{57DA5FBC-AF0C-47B0-BC70-77E8DD84EF77}.Debug|x64.ActiveCfg = Debug|x64
		{57DA5FBC-AF0C-47B0-BC70-77E8DD84EF77}.Debug|x64.Build.0 = Debug|x64
		{57DA5FBC-AF0C-47B0-BC70-77E8DD84EF77}.Debug|x86.ActiveCfg = Debug|Win32
		{57DA5FBC-AF0C-47B0-BC70-77E8DD84EF77}.Debug|x86.Build.0 = Debug|Win32
		{57DA5FBC-AF0C-47B0-BC70-77E8DD84EF77}.Release|x64.ActiveCfg = Release|x64
		{57DA5FBC-AF0C-47B0-BC70-77E8DD84EF77}.Release|x64.Build.0 = Release|x64
		{57DA5FBC-AF0C-47B0-BC70-77E8DD84EF77}.Release|x86.ActiveCfg = Release|Win32
		{57DA5FBC-AF0C-47B0-BC70-77E8DD84EF77}.Release|x86.Build.0 = Release|Win32
		{C44622E3-0D1E-48B6-94E2-0FC6148AB069}.Debug|x64.ActiveCfg = Debug|x64
		{C44622E3-0D1E-48B6-94E2-0FC6148AB069}.Debug|x64.Build.0 = Debug|x64
		{C44622E3-0D1E-48B6-94E2-0FC6148AB069}.Debug|x86.ActiveCfg = Debug|Win32
		{C44622E3-0D1E-48B6-94E2-0FC6148AB069}.Debug|x86.Build.0 = Debug|Win32
		{C44622E3-0D1E-48B6-94E2-0FC6148AB069}.Release|x64.ActiveCfg = Release|x64
		{C44622E3-0D1E-48B6-94E2-0FC6148AB069}.Release|x64.Build.0 = Release|x64
		{C44622E3-0D1E-48B6-94E2-0FC6148AB069}.Release|x86.ActiveCfg = Release|Win32
		{C44622E3-0D1E-48B6-94E2-0FC6148AB069}.Release|x86.Build.0 = Release|Win32
		{067433B0-1F57-474C-B7BB-F6FF87B7D514}.Debug|x64.ActiveCfg = Debug|x64
		{067433B0-1F57-474C-B7BB-F6FF87B7D514}.Debug|x64.Build.0 = Debug|x64
		{067433B0-1F57-474C-B7BB-F6FF87B7D514}.Debug|x86.ActiveCfg = Debug|Win32
		{067433B0-1F57-474C-B7BB-F6FF87B7D514}.Debug|x86.Build.0 = Debug|Win32
		{067433B0-1F57-474C-B7BB-F6FF87B7D514}.Release|x64.ActiveCfg = Release|x64
		{067433B0-1F57-474C-B7BB-F6FF87B7D514}.Release|x64.Build.0 = Release|x64
		{067433B0-1F57-474C-B7BB-F6FF87B7D514}.Release|x86.ActiveCfg = Release|Win32
		{067433B0-1F57-474C-B7BB-F6FF87B7D514}.Release|x86.Build.0 = Release|Win32
		{29EC5266-15C2-421B-93BD-3F12614886C8}.Debug|x64.ActiveCfg = Debug|x64
		{29EC5266-15C2-421B-93BD-3F12614886C8}.Debug|x64.Build.0 = Debug|x64
		{29EC5266-15C2-421B-93BD-3F12614886C8}.Debug|x86.ActiveCfg = Debug|Win32
		{29EC5266-15C2-421B-93BD-3F12614886C8}.Debug|x86.Build.0 = Debug|Win32
		{29EC5266-15C2-421B-93BD-3F12614886C8}.Release|x64.ActiveCfg = Release|x64
		{29EC5266-15C2-421B-93BD-3F12614886C8}.Release|x64.Build.0 = Release|x64
		{29EC5266-15C2-421B-93BD-3F12614886C8}.Release|x86.ActiveCfg = Release|Win32
		{29EC5266-15C2-421B-93BD-3F12614886C8}.Release|x86.Build.0 = Release|Win32
		{70E1D20B-1F9C-4A33-ADF4-1B3DFBC1B2EA}.Debug|x64.ActiveCfg = Debug|x64
		{70E1D20B-1F9C-4A33-ADF4-1B3DFBC1B2EA}.Debug|x64.Build.0 = Debug|x64
		{70E1D20B-1F9C-4A33-ADF4-1B3DFBC1B2EA}.Debug|x86.ActiveCfg = Debug|Win32
		{70E1D20B-1F9C-4A33-ADF4-1B3DFBC1B2EA}.Debug|x86.Build.0 = Debug|Win32
		{70E1D20B-1F9C-4A33-ADF4-1B3DFBC1B2EA}.Release|x64.ActiveCfg = Release|x64
		{70E1D20B-1F9C-4A33-ADF4-1B3DFBC1B2EA}.Release|x64.Build.0 = Release|x64
		{70E1D20B-1F9C-4A33-ADF4-1B3DFBC1B2EA}.Release|x86.ActiveCfg = Release|Win32
		{70E1D20B-1F9C-4A33-ADF4-1B3DFBC1B2EA}.Release|x86.Build.0 = Release|Win32
		{010E6D01-1D1F-4ADA-AB2C-32F5EEE6FE5B}.Debug|x64.ActiveCfg = Debug|x64
		{010E6D01-1D1F-4ADA-AB2C-32F5EEE6FE5B}.Debug|x64.Build.0 = Debug|x64
		{010E6D01-1D1F-4ADA-AB2C-32F5EEE6FE5B}.Debug|x86.ActiveCfg = Debug|Win32
		{010E6D01-1D1F-4ADA-AB2C-32F5EEE6FE5B}.Debug|x86.Build.0 = Debug|Win32
		{010E6D01-1D1F-4ADA-AB2C-32F5EEE6FE5B}.Release|x64.ActiveCfg = Release|x64
		{010E6D01-1D1F-4ADA-AB2C-32F5EEE6FE5B}.Release|x64.Build.0 = Release|x64
		{010E6D01-1D1F-4ADA-AB2C-32F5EEE6FE5B}.Release|x86.ActiveCfg = Release|Win32
		{010E6D01-1D1F-4ADA-AB2C-32F5EEE6FE5B}.Release|x86.Build.0 = Release|Win32
		{495B164D-C3A1-4615-ACCB-89BD4754C5DE}.Debug|x64.ActiveCfg = Debug|x64
		{495B164D-C3A1-4615-ACCB-89BD4754C5DE}.Debug|x64.Build.0 = Debug|x64
		{495B164D-C3A1-4615-ACCB-89BD4754C5DE}.Debug|x86.ActiveCfg = Debug|Win32
		{495B164D-C3A1-4615-ACCB-89BD4754C5DE}.Debug|x86.Build.0 = Debug|Win32
		{495B164D-C3A1-4615-ACCB-89BD4754C5DE}.Release|x64.ActiveCfg = Release|x64
		{495B164D-C3A1-4615-ACCB-89BD4754C5DE}.Release|x64.Build.0 = Release|x64
		{495B164D-C3A1-4615-ACCB-89BD4754C5DE}.Release|x86.ActiveCfg = Release|Win32
		{495B164D-C3A1-4615-ACCB-89BD4754C5DE}.Release|x86.Build.0 = Release|Win32
		{38CB0ACB-430F-4963-ADA8-C226B764CE79}.Debug|x64.ActiveCfg = Debug|x64
		{38CB0ACB-430F-4963-ADA8-C226B764CE79}.Debug|x64.Build.0 = Debug|x64
		{38CB0ACB-430F-4963-ADA8-C226B764CE79}.Debug|x86.ActiveCfg = Debug|Win32
		{38CB0ACB-430F-4963-ADA8-C226B764CE79}.Debug|x86.Build.0 = Debug|Win32
		{38CB0ACB-430F-4963-ADA8-C226B764CE79}.Release|x64.ActiveCfg = Release|x64
		{38CB0ACB-430F-4963-ADA8-C226B764CE79}.Release|x64.Build.0 = Release|x64
		{38CB0ACB-430F-4963-ADA8-C226B764CE79}.Release|x86.ActiveCfg = Release|Win32
		{38CB0ACB-430F-4963-ADA8-C226B764CE79}.Release|x86.Build.0 = Release|Win32
		{17670395-B7A2-465E-8BD2-3298559C5972}.Debug|x64.ActiveCfg = Debug|x64
		{17670395-B7A2-465E-8BD2-3298559C5972}.Debug|x64.Build.0 = Debug|x64
		{17670395-B7A2-465E-8BD2-3298559C5972}.Debug|x86.ActiveCfg = Debug|Win32
		{17670395-B7A2-465E-8BD2-3298559C5972}.Debug|x86.Build.0 = Debug|Win32
		{17670395-B7A2-465E-8BD2-3298559C5972}.Release|x64.ActiveCfg = Release|x64
		{17670395-B7A2-465E-8BD2-3298559C5972}.Release|x64.Build.0 = Release|x64
		{17670395-B7A2-465E-8BD2-3298559C5972}.Release|x86.ActiveCfg = Release|Win32
		{17670395-B7A2-465E-8BD2-3298559C5972}.Release|x86.Build.0 = Release|Win32
		{D1766591-677A-496F-8B9B-8917BE02783D}.Debug|x64.ActiveCfg = Debug|x64
		{D1766591-677A-496F-8B9B-8917BE02783D}.Debug|x64.Build.0 = Debug|x64
		{D1766591-677A-496F-8B9B-8917BE02783D}.Debug|x86.ActiveCfg = Debug|Win32
		{D1766591-677A-496F-8B9B-8917BE02783D}.Debug|x86.Build.0 = Debug|Win32
		{D1766591-677A-496F-8B9B-8917BE02783D}.Release|x64.ActiveCfg = Release|x64
		{D1766591-677A-496F-8B9B-8917BE02783D}.Release|x64.Build.0 = Release|x64
		{D1766591-677A-496F-8B9B-8917BE02783D}.Release|x86.ActiveCfg = Release|Win32
		{D1766591-677A-496F-8B9B-8917BE02783D}.Release|x86.Build.0 = Release|Win32
		{F3893BC6-1AF9-4780-8C12-5B8F84B773B7}.Debug|x64.ActiveCfg = Debug|x64
		{F3893BC6-1AF9-4780-8C12-5B8F84B773B7}.Debug|x64.Build.0 = Debug|x64
		{F3893BC6-1AF9-4780-8C12-5B8F84B773B7}.Debug|x86.ActiveCfg = Debug|Win32
		{F3893BC6-1AF9-4780-8C12-5B8F84B773B7}.Debug|x86.Build.0 = Debug|Win32
		{F3893BC6-1AF9-4780-8C12-5B8F84B773B7}.Release|x64.ActiveCfg = Release|x64
		{F3893BC6-1AF9-4780-8C12-5B8F84B773B7}.Release|x64.Build.0 = Release|x64
		{F3893BC6-1AF9-4780-8C12-5B8F84B773B7}.Release|x86.ActiveCfg = Release|Win32
		{F3893BC6-1AF9-4780-8C12-5B8F84B773B7}.Release|x86.Build.0 = Release|Win32
		{37BBDBD2-7096-4539-966D-DB2DC4828110}.Debug|x64.ActiveCfg = Debug|x64
		{37BBDBD2-7096-4539-966D-DB2DC4828110}.Debug|x64.Build.0 = Debug|x64
		{37BBDBD2-7096-4539-966D-DB2DC4828110}.Debug|x86.ActiveCfg = Debug|Win32
		{37BBDBD2-7096-4539-966D-DB2DC4828110}.Debug|x86.Build.0 = Debug|Win32
		{37BBDBD2-7096-4539-966D-DB2DC4828110}.Release|x64.ActiveCfg = Release|x64
		{37BBDBD2-7096-4539-966D-DB2DC4828110}.Release|x64.Build.0 = Release|x64
		{37BBDBD2-7096-4539-966D-DB2DC4828110}.Release|x86.ActiveCfg = Release|Win32
		{37BBDBD2-7096-4539-966D-DB2DC4828110}.Release|x86.Build.0 = Release|Win32
		{EB4CAA9E-C6E3-41FF-B80D-5831CCD5301B}.Debug|x64.ActiveCfg = Debug|x64
		{EB4CAA9E-C6E3-41FF-B80D-5831CCD5301B}.Debug|x64.Build.0 = Debug|x64
		{EB4CAA9E-C6E3-41FF-B80D-5831CCD5301B}.Debug|x86.ActiveCfg = Debug|Win32
		{EB4CAA9E-C6E3-41FF-B80D-5831CCD5301B}.Debug|x86.Build.0 = Debug|Win32
		{EB4CAA9E-C6E3-41FF-B80D-5831CCD5301B}.Release|x64.ActiveCfg = Release|x64
		{EB4CAA9E-C6E3-41FF-B80D-5831CCD5301B}.Release|x64.Build.0 = Release|x64
		{EB4CAA9E-C6E3-41FF-B80D-5831CCD5301B}.Release|x86.ActiveCfg = Release|Win32
		{EB4CAA9E-C6E3-41FF-B80D-5831CCD5301B}.Release|x86.Build.0 = Release|Win32
		{2829A0C9-8B58-4803-B6F7-8539476B8B24}.Debug|x64.ActiveCfg = Debug|x64
		{2829A0C9-8B58-4803-B6F7-8539476B8B24}.Debug|x64.Build.0 = Debug|x64
		{2829A0C9-8B58-4803-B6F7-8539476B8B24}.Debug|x86.ActiveCfg = Debug|Win32
		{2829A0C9-8B58-4803-B6F7-8539476B8B24}.Debug|x86.Build.0 = Debug|Win32
		{2829A0C9-8B58-4803-B6F7-8539476B8B24}.Release|x64.ActiveCfg = Release|x64
		{2829A0C9-8B58-4803-B6F7-8539476B8B24}.Release|x64.Build.0 = Release|x64
		{2829A0C9-8B58-4803-B6F7-8539476B8B24}.Release|x86.ActiveCfg = Release|Win32
		{2829A0C9-8B58-4803-B6F7-8539476B8B24}.Release|x86.Build.0 = Release|Win32
		{E29C7C6D-F943-4A07-BFF4-78FC15CC9A4B}.Debug|x64.ActiveCfg = Debug|x64
		{E29C7C6D-F943-4A07-BFF4-78FC15CC9A4B}.Debug|x64.Build.0 = Debug|x64
		{E29C7C6D-F943-4A07-BFF4-78FC15CC9A4B}.Debug|x86.ActiveCfg = Debug|Win32
		{E29C7C6D-F943-4A07-BFF4-78FC15CC9A4B}.Debug|x86.Build.0 = Debug|Win32
		{E29C7C6D-F943-4A07-BFF4-78FC15CC9A4B}.Release|x64.ActiveCfg = Release|x64
		{E29C7C6D-F943-4A07-BFF4-78FC15CC9A4B}.Release|x64.Build.0 = Release|x64
		{E29C7C6D-F943-4A07-BFF4-78FC15CC9A4B}.Release|x86.ActiveCfg = Release|Win32
		{E29C7C6D-F943-4A07-BFF4-78FC15CC9A4B}.Release|x86.Build.0 = Release|Win32
		{89EE0364-7F96-46CF-9B98-713A2EB5AF70}.Debug|x64.ActiveCfg = Debug|x64
		{89EE0364-7F96-46CF-9B98-713A2EB5AF70}.Debug|x64.Build.0 = Debug|x64
		{89EE0364-7F96-46CF-9B98-713A2EB5AF70}.Debug|x86.ActiveCfg = Debug|Win32
		{89EE0364-7F96-46CF-9B98-713A2EB5AF70}.Debug|x86.Build.0 = Debug|Win32
		{89EE0364-7F96-46CF-9B98-713A2EB5AF70}.Release|x64.ActiveCfg = Release|x64
		{89EE0364-7F96-46CF-9B98-713A2EB5AF70}.Release|x64.Build.0 = Release|x64
		{89EE0364-7F96-46CF-9B98-713A2EB5AF70}.Release|x86.ActiveCfg = Release|Win32
		{89EE0364-7F96-46CF-9B98-713A2EB5AF70}.Release|x86.Build.0 = Release|Win32
		{88F674FB-E619-46A5-8394-995B04AB053D}.Debug|x64.ActiveCfg = Debug|x64
		{88F674FB-E619-46A5-8394-995B04AB053D}.Debug|x64.Build.0 = Debug|x64
		{88F674FB-E619-46A5-8394-995B04AB053D}.Debug|x86.ActiveCfg = Debug|Win32
		{88F674FB-E619-46A5-8394-995B04AB053D}.Debug|x86.Build.0 = Debug|Win32
		{88F674FB-E619-46A5-8394-995B04AB053D}.Release|x64.ActiveCfg = Release|x64
		{88F674FB-E619-46A5-8394-995B04AB053D}.Release|x64.Build.0 = Release|x64
		{88F674FB-E619-46A5-8394-995B04AB053D}.Release|x86.ActiveCfg = Release|Win32
		{88F674FB-E619-46A5-8394-995B04AB053D}.Release|x86.Build.0 = Release|Win32
		{CAC0D9F7-0EA1-4089-9BBE-0860DC5A721C}.Debug|x64.ActiveCfg = Debug|x64
		{CAC0D9F7-0EA1-4089-9BBE-0860DC5A721C}.Debug|x64.Build.0 = Debug|x64
		{CAC0D9F7-0EA1-4089-9BBE-0860DC5A721C}.Debug|x86.ActiveCfg = Debug|Win32
		{CAC0D9F7-0EA1-4089-9BBE-0860DC5A721C}.Debug|x86.Build.0 = Debug|Win32
		{CAC0D9F7-0EA1-4089-9BBE-0860DC5A721C}.Release|x64.ActiveCfg = Release|x64
		{CAC0D9F7-0EA1-4089-9BBE-0860DC5A721C}.Release|x64.Build.0 = Release|x64
		{CAC0D9F7-0EA1-4089-9BBE-0860DC5A721C}.Release|x86.ActiveCfg = Release|Win32
		{CAC0D9F7-0EA1-4089-9BBE-0860DC5A721C}.Release|x86.Build.0 = Release|Win32
	EndGlobalSection
	GlobalSection(SolutionProperties) = preSolution
		HideSolutionNode = FALSE
	EndGlobalSection
	GlobalSection(NestedProjects) = preSolution
		{BAA3DCCB-4BDC-41FC-91D5-564B1B4DF950} = {BC01A820-DF25-4260-83A3-B70C5BF56FE6}
		{ACDDFE7C-CCBD-403A-82B5-CF9F99F162AC} = {02EA681E-C7D8-13C7-8484-4AC65E1B71E8}
		{8DA5B3E7-5A7E-49A8-836E-6C31DE7B554E} = {02EA681E-C7D8-13C7-8484-4AC65E1B71E8}
		{9E969B68-BA51-4B8F-895E-921EDBC7933D} = {02EA681E-C7D8-13C7-8484-4AC65E1B71E8}
		{54157E75-F336-4092-BF85-1A5B9C078C71} = {BC01A820-DF25-4260-83A3-B70C5BF56FE6}
		{57DA5FBC-AF0C-47B0-BC70-77E8DD84EF77} = {02EA681E-C7D8-13C7-8484-4AC65E1B71E8}
		{C44622E3-0D1E-48B6-94E2-0FC6148AB069} = {BC01A820-DF25-4260-83A3-B70C5BF56FE6}
		{067433B0-1F57-474C-B7BB-F6FF87B7D514} = {02EA681E-C7D8-13C7-8484-4AC65E1B71E8}
		{29EC5266-15C2-421B-93BD-3F12614886C8} = {02EA681E-C7D8-13C7-8484-4AC65E1B71E8}
		{70E1D20B-1F9C-4A33-ADF4-1B3DFBC1B2EA} = {BC01A820-DF25-4260-83A3-B70C5BF56FE6}
		{010E6D01-1D1F-4ADA-AB2C-32F5EEE6FE5B} = {02EA681E-C7D8-13C7-8484-4AC65E1B71E8}
		{495B164D-C3A1-4615-ACCB-89BD4754C5DE} = {02EA681E-C7D8-13C7-8484-4AC65E1B71E8}
		{38CB0ACB-430F-4963-ADA8-C226B764CE79} = {02EA681E-C7D8-13C7-8484-4AC65E1B71E8}
		{17670395-B7A2-465E-8BD2-3298559C5972} = {02EA681E-C7D8-13C7-8484-4AC65E1B71E8}
		{D1766591-677A-496F-8B9B-8917BE02783D} = {BC01A820-DF25-4260-83A3-B70C5BF56FE6}
		{F3893BC6-1AF9-4780-8C12-5B8F84B773B7} = {02EA681E-C7D8-13C7-8484-4AC65E1B71E8}
		{37BBDBD2-7096-4539-966D-DB2DC4828110} = {BC01A820-DF25-4260-83A3-B70C5BF56FE6}
		{EB4CAA9E-C6E3-41FF-B80D-5831CCD5301B} = {02EA681E-C7D8-13C7-8484-4AC65E1B71E8}
		{2829A0C9-8B58-4803-B6F7-8539476B8B24} = {02EA681E-C7D8-13C7-8484-4AC65E1B71E8}
		{E29C7C6D-F943-4A07-BFF4-78FC15CC9A4B} = {02EA681E-C7D8-13C7-8484-4AC65E1B71E8}
		{89EE0364-7F96-46CF-9B98-713A2EB5AF70} = {02EA681E-C7D8-13C7-8484-4AC65E1B71E8}
		{88F674FB-E619-46A5-8394-995B04AB053D} = {02EA681E-C7D8-13C7-8484-4AC65E1B71E8}
		{CAC0D9F7-0EA1-4089-9BBE-0860DC5A721C} = {02EA681E-C7D8-13C7-8484-4AC65E1B71E8}
	EndGlobalSection
	GlobalSection(ExtensibilityGlobals) = postSolution
		SolutionGuid = {B5A92D8D-0F77-4354-B0D5-7C02932771FC}
	EndGlobalSection
EndGlobal
